
Microsoft Visual Studio Solution File, Format Version 12.00
# Visual Studio 14
VisualStudioVersion = 14.0.23107.0
MinimumVisualStudioVersion = 10.0.40219.1
Project("{8BC9CEB8-8B4A-11D0-8D11-00A0C91BC942}") = "teapot", "teapot\teapot.vcxproj", "{6279241A-EAD2-4AF0-A8CC-5B640BEF4CC8}"
EndProject
Project("{8BC9CEB8-8B4A-11D0-8D11-00A0C91BC942}") = "triangle", "triangle\triangle.vcxproj", "{5A49BFD1-51E2-4F5C-84AF-CA992358BF73}"
EndProject
Project("{8BC9CEB8-8B4A-11D0-8D11-00A0C91BC942}") = "marching_cubes", "marching_cubes\marching_cubes.vcxproj", "{056270B5-0242-4106-92B0-E9DBFBA0CA61}"
EndProject
Project("{8BC9CEB8-8B4A-11D0-8D11-00A0C91BC942}") = "texture", "texture\texture.vcxproj", "{D6C8FB0A-9B02-43DD-91FC-BB462E1911A0}"
EndProject
Global
	GlobalSection(SolutionConfigurationPlatforms) = preSolution
		Debug|x64 = Debug|x64
		Release|x64 = Release|x64
	EndGlobalSection
	GlobalSection(ProjectConfigurationPlatforms) = postSolution
		{6279241A-EAD2-4AF0-A8CC-5B640BEF4CC8}.Debug|x64.ActiveCfg = Debug|x64
		{6279241A-EAD2-4AF0-A8CC-5B640BEF4CC8}.Debug|x64.Build.0 = Debug|x64
		{6279241A-EAD2-4AF0-A8CC-5B640BEF4CC8}.Release|x64.ActiveCfg = Release|x64
		{6279241A-EAD2-4AF0-A8CC-5B640BEF4CC8}.Release|x64.Build.0 = Release|x64
		{5A49BFD1-51E2-4F5C-84AF-CA992358BF73}.Debug|x64.ActiveCfg = Debug|x64
		{5A49BFD1-51E2-4F5C-84AF-CA992358BF73}.Debug|x64.Build.0 = Debug|x64
		{5A49BFD1-51E2-4F5C-84AF-CA992358BF73}.Release|x64.ActiveCfg = Release|x64
		{5A49BFD1-51E2-4F5C-84AF-CA992358BF73}.Release|x64.Build.0 = Release|x64
		{056270B5-0242-4106-92B0-E9DBFBA0CA61}.Debug|x64.ActiveCfg = Debug|x64
		{056270B5-0242-4106-92B0-E9DBFBA0CA61}.Debug|x64.Build.0 = Debug|x64
		{056270B5-0242-4106-92B0-E9DBFBA0CA61}.Release|x64.ActiveCfg = Release|x64
		{056270B5-0242-4106-92B0-E9DBFBA0CA61}.Release|x64.Build.0 = Release|x64
		{D6C8FB0A-9B02-43DD-91FC-BB462E1911A0}.Debug|x64.ActiveCfg = Debug|x64
		{D6C8FB0A-9B02-43DD-91FC-BB462E1911A0}.Debug|x64.Build.0 = Debug|x64
		{D6C8FB0A-9B02-43DD-91FC-BB462E1911A0}.Release|x64.ActiveCfg = Release|x64
		{D6C8FB0A-9B02-43DD-91FC-BB462E1911A0}.Release|x64.Build.0 = Release|x64
	EndGlobalSection
	GlobalSection(SolutionProperties) = preSolution
		HideSolutionNode = FALSE
	EndGlobalSection
EndGlobal
